
Microsoft Visual Studio Solution File, Format Version 12.00
# Visual Studio Version 17
VisualStudioVersion = 17.1.32421.90
MinimumVisualStudioVersion = 10.0.40219.1
Project("{FAE04EC0-301F-11D3-BF4B-00C04F79EFBC}") = "FileUploadNet5", "FileUploadNet5\FileUploadNet5.csproj", "{EC4A70B4-9128-46FD-958B-34C34658C334}"
EndProject
Global
	GlobalSection(SolutionConfigurationPlatforms) = preSolution
		Debug|Any CPU = Debug|Any CPU
		Release|Any CPU = Release|Any CPU
	EndGlobalSection
	GlobalSection(ProjectConfigurationPlatforms) = postSolution
		{EC4A70B4-9128-46FD-958B-34C34658C334}.Debug|Any CPU.ActiveCfg = Debug|Any CPU
		{EC4A70B4-9128-46FD-958B-34C34658C334}.Debug|Any CPU.Build.0 = Debug|Any CPU
		{EC4A70B4-9128-46FD-958B-34C34658C334}.Release|Any CPU.ActiveCfg = Release|Any CPU
		{EC4A70B4-9128-46FD-958B-34C34658C334}.Release|Any CPU.Build.0 = Release|Any CPU
	EndGlobalSection
	GlobalSection(SolutionProperties) = preSolution
		HideSolutionNode = FALSE
	EndGlobalSection
	GlobalSection(ExtensibilityGlobals) = postSolution
		SolutionGuid = {4FE001AF-FD0F-4E71-BF46-E80FC529A9AB}
	EndGlobalSection
EndGlobal
